// !$*UTF8*$!
{
	archiveVersion = 1;
	classes = {
	};
	objectVersion = 77;
	objects = {

/* Begin PBXBuildFile section */
		031104C7488298B47DB85160 /* ForgotPasswordView.swift in Sources */ = {isa = PBXBuildFile; fileRef = 145DA658595117A13A5B642D /* ForgotPasswordView.swift */; };
		055A0E96098278F34B7E6F88 /* PushDevicesView.swift in Sources */ = {isa = PBXBuildFile; fileRef = E261920E537271E2DED771A9 /* PushDevicesView.swift */; };
		075528076B8A6FE939C0F423 /* WarrantiesStore.swift in Sources */ = {isa = PBXBuildFile; fileRef = CF6B007469F655782FC84C25 /* WarrantiesStore.swift */; };
		081AFBE901C196AC6449F4B7 /* ChangePasswordSheet.swift in Sources */ = {isa = PBXBuildFile; fileRef = CC3F17674EABA0114000A947 /* ChangePasswordSheet.swift */; };
		0E4A1691A287D1098848C313 /* EmailChangeSheet.swift in Sources */ = {isa = PBXBuildFile; fileRef = 42BD8EFB5A2B6E354DD6BEAC /* EmailChangeSheet.swift */; };
		14F2684BE5B4E980108198D1 /* SessionsView.swift in Sources */ = {isa = PBXBuildFile; fileRef = 55D3E8B53D9556F096B152F8 /* SessionsView.swift */; };
		166E111F7BEB9CF1161CA73D /* RemindersView.swift in Sources */ = {isa = PBXBuildFile; fileRef = 6A7FBAD0D43AB1C8B49947CF /* RemindersView.swift */; };
		16C3E0CEDAF1AE2FA7FA65B1 /* AuthStore.swift in Sources */ = {isa = PBXBuildFile; fileRef = 32CAF04638E1D1F55D0B9506 /* AuthStore.swift */; };
		2134378BD4951A03366DD28C /* StatsView.swift in Sources */ = {isa = PBXBuildFile; fileRef = A3CED85D2A836A81602152C5 /* StatsView.swift */; };
		22C8A5DDF5F0A85A256F6051 /* DashboardView.swift in Sources */ = {isa = PBXBuildFile; fileRef = BB155315A27FC9DFA6D37250 /* DashboardView.swift */; };
		27F0C943E3AE17FEC707D590 /* SubscriptionsScreen.swift in Sources */ = {isa = PBXBuildFile; fileRef = 5B4A7C50590B1E487E8EAB6A /* SubscriptionsScreen.swift */; };
		286634EA8CF7330257DD629B /* SettingsView.swift in Sources */ = {isa = PBXBuildFile; fileRef = 94B998712AA011363D2304F8 /* SettingsView.swift */; };
		28A5225B219D1EA71A9FF89C /* ActionQueueStore.swift in Sources */ = {isa = PBXBuildFile; fileRef = C7EBD252EC3EFA3AA3CDB1D0 /* ActionQueueStore.swift */; };
		302CE729E4D8359E3ABFA515 /* DevicesScreen.swift in Sources */ = {isa = PBXBuildFile; fileRef = 8640D0C88034361042587B40 /* DevicesScreen.swift */; };
		32B75C186453FB73428D255C /* WarrantyFormView.swift in Sources */ = {isa = PBXBuildFile; fileRef = D160074B79CE5DD628859CC6 /* WarrantyFormView.swift */; };
		422A879C63FF75D55FDD5EDE /* ServiceDirectorySection.swift in Sources */ = {isa = PBXBuildFile; fileRef = D816886AE8C2C26686E3BABE /* ServiceDirectorySection.swift */; };
		45E5018476A992A7111F6E50 /* AppDelegate.swift in Sources */ = {isa = PBXBuildFile; fileRef = 55F4E2D7F35FB1C280CC8F69 /* AppDelegate.swift */; };
		463FEB822AED6492E6EB00C0 /* SubscriptionFormView.swift in Sources */ = {isa = PBXBuildFile; fileRef = B5361951BD7F5AE217A9D2B6 /* SubscriptionFormView.swift */; };
		4E2DCD02F45AE52F2AA2A64B /* WishlistFormView.swift in Sources */ = {isa = PBXBuildFile; fileRef = 362E11CADFB1926B3045C1A7 /* WishlistFormView.swift */; };
		543917639DB6D1362B66F6CF /* CatalogStore.swift in Sources */ = {isa = PBXBuildFile; fileRef = 88E631B9D6944853E1DB7069 /* CatalogStore.swift */; };
		544E4DDC74EC4ADCA6E6EAD5 /* DeviceDetailView.swift in Sources */ = {isa = PBXBuildFile; fileRef = 9B64D656AFFBB2A82DFBFC12 /* DeviceDetailView.swift */; };
		5A48FF84CEF5E8FCCAE4700F /* PushRegistrar.swift in Sources */ = {isa = PBXBuildFile; fileRef = F328F74EB569D9AC38242843 /* PushRegistrar.swift */; };
		5EA2953F7C2817646E51A2F7 /* ShareCertificatesSection.swift in Sources */ = {isa = PBXBuildFile; fileRef = A12ED118C7C97FD93F0EB4B9 /* ShareCertificatesSection.swift */; };
		62D3CA5016B8D9E72CFF069E /* LocalizationStore.swift in Sources */ = {isa = PBXBuildFile; fileRef = 604B0C028FABD3988F3DDB00 /* LocalizationStore.swift */; };
		62DFB4202083D3689225D744 /* RemindersStore.swift in Sources */ = {isa = PBXBuildFile; fileRef = A363E257968B6F55DCDE2265 /* RemindersStore.swift */; };
		688C4894B526315EE139ED52 /* Formatters.swift in Sources */ = {isa = PBXBuildFile; fileRef = 7D5DE588B298BE90EA3C601F /* Formatters.swift */; };
		6E070B20602A56DE1359DB3C /* SubscriptionAuditScreen.swift in Sources */ = {isa = PBXBuildFile; fileRef = 54038389878514FCDEE56CAF /* SubscriptionAuditScreen.swift */; };
		79D4798C3B96746BD94FDEFB /* LoginView.swift in Sources */ = {isa = PBXBuildFile; fileRef = 35C497F19BB57A314BE8AC27 /* LoginView.swift */; };
		7B35C3BDC24958C92652CCCA /* RegisterView.swift in Sources */ = {isa = PBXBuildFile; fileRef = 989444F7590454C4B6CC5B77 /* RegisterView.swift */; };
		7B7485325DE0DD71C66BB8EA /* SubscriptionDetailView.swift in Sources */ = {isa = PBXBuildFile; fileRef = 2D171296492CB187D31E7ACC /* SubscriptionDetailView.swift */; };
		871386809869675D58D16E4A /* StatsStore.swift in Sources */ = {isa = PBXBuildFile; fileRef = 92BFB67BAFC3C7D10FBB62F6 /* StatsStore.swift */; };
		873C40C6FD9B40F45CB14070 /* AccountView.swift in Sources */ = {isa = PBXBuildFile; fileRef = D55D208CC42F0645778E6B4E /* AccountView.swift */; };
		965700B52BEF6DC898A447D2 /* DevicesStore.swift in Sources */ = {isa = PBXBuildFile; fileRef = 2B619D8E807A35AACF6317AA /* DevicesStore.swift */; };
		9828500C425D79F793BF8E2A /* SubscriptionsStore.swift in Sources */ = {isa = PBXBuildFile; fileRef = 43B2BAC75F19604607D58D25 /* SubscriptionsStore.swift */; };
		9C0D4D54181D3B319D4C91BA /* WarrantyVaultApp.swift in Sources */ = {isa = PBXBuildFile; fileRef = 3A6F019A31DD18F47AB68185 /* WarrantyVaultApp.swift */; };
		9F0749E4C4E2618699A4192B /* DeviceFormView.swift in Sources */ = {isa = PBXBuildFile; fileRef = 270716D6FFEF8ED810610938 /* DeviceFormView.swift */; };
		A06511C6CADE2FB1A8BFF2BA /* MoreScreen.swift in Sources */ = {isa = PBXBuildFile; fileRef = EF9756A7ABBC72933AD1F083 /* MoreScreen.swift */; };
		A219819B4CFB4D73847D92AF /* WishlistScreen.swift in Sources */ = {isa = PBXBuildFile; fileRef = DAC8DC9F67E8D9962CDD5063 /* WishlistScreen.swift */; };
		AA093A255BC73ADA2F4FFD2A /* WarrantyVaultKit in Frameworks */ = {isa = PBXBuildFile; productRef = DE1CC65855A938B92594071D /* WarrantyVaultKit */; };
		AB6F13D08037E08EBF816EE9 /* SearchScreen.swift in Sources */ = {isa = PBXBuildFile; fileRef = 52FE90877E6408CF4A68DD9A /* SearchScreen.swift */; };
		ABA88E4BB81F55E61E96C35A /* Charts.swift in Sources */ = {isa = PBXBuildFile; fileRef = E38F9FE999EDDF61F5C32EA4 /* Charts.swift */; };
		B6272CF0F1E8E64F8D6C1A85 /* WishlistDetailView.swift in Sources */ = {isa = PBXBuildFile; fileRef = A8CBBAE58C07F9D910238935 /* WishlistDetailView.swift */; };
		BC2FC2FA8B76AABB62BA8140 /* ActionQueueScreen.swift in Sources */ = {isa = PBXBuildFile; fileRef = A546B9E6AAE0B0E185B8ACF0 /* ActionQueueScreen.swift */; };
		BC79F663EFF244BE0CB88D73 /* WishlistStore.swift in Sources */ = {isa = PBXBuildFile; fileRef = 46158D8EA71511893CBEE9B9 /* WishlistStore.swift */; };
		BED64B22F2BFDAC45AAF207C /* Theme.swift in Sources */ = {isa = PBXBuildFile; fileRef = 6B686B336D76CD40CEC983A5 /* Theme.swift */; };
		C39A04AA0FEEE5CEBA3119BD /* AutocompleteChips.swift in Sources */ = {isa = PBXBuildFile; fileRef = CB571955A5315B649D8BB8A3 /* AutocompleteChips.swift */; };
		C41ABACD2FC2533A0760FAF5 /* Components.swift in Sources */ = {isa = PBXBuildFile; fileRef = 9C32AEF77946805DFC3E5112 /* Components.swift */; };
		CFCCCACF4474A91AFF358EBB /* ThemeStore.swift in Sources */ = {isa = PBXBuildFile; fileRef = 901EF104266E4673ADA27B48 /* ThemeStore.swift */; };
		D174DE4ABF055D539D783A0F /* SubscriptionAuditStore.swift in Sources */ = {isa = PBXBuildFile; fileRef = 915E29A582DCD6E591EA5A1C /* SubscriptionAuditStore.swift */; };
		EB2C5F109A275BB6193C1E97 /* AttachmentsSection.swift in Sources */ = {isa = PBXBuildFile; fileRef = 03A3A6328546A239C9A68CB6 /* AttachmentsSection.swift */; };
		F9B680AC74B2C3AD8B41C698 /* RootView.swift in Sources */ = {isa = PBXBuildFile; fileRef = A961F8ED6F5C20F50684387D /* RootView.swift */; };
/* End PBXBuildFile section */

/* Begin PBXFileReference section */
		03A3A6328546A239C9A68CB6 /* AttachmentsSection.swift */ = {isa = PBXFileReference; lastKnownFileType = sourcecode.swift; path = AttachmentsSection.swift; sourceTree = "<group>"; };
		145DA658595117A13A5B642D /* ForgotPasswordView.swift */ = {isa = PBXFileReference; lastKnownFileType = sourcecode.swift; path = ForgotPasswordView.swift; sourceTree = "<group>"; };
		270716D6FFEF8ED810610938 /* DeviceFormView.swift */ = {isa = PBXFileReference; lastKnownFileType = sourcecode.swift; path = DeviceFormView.swift; sourceTree = "<group>"; };
		2B619D8E807A35AACF6317AA /* DevicesStore.swift */ = {isa = PBXFileReference; lastKnownFileType = sourcecode.swift; path = DevicesStore.swift; sourceTree = "<group>"; };
		2D171296492CB187D31E7ACC /* SubscriptionDetailView.swift */ = {isa = PBXFileReference; lastKnownFileType = sourcecode.swift; path = SubscriptionDetailView.swift; sourceTree = "<group>"; };
		32CAF04638E1D1F55D0B9506 /* AuthStore.swift */ = {isa = PBXFileReference; lastKnownFileType = sourcecode.swift; path = AuthStore.swift; sourceTree = "<group>"; };
		35C497F19BB57A314BE8AC27 /* LoginView.swift */ = {isa = PBXFileReference; lastKnownFileType = sourcecode.swift; path = LoginView.swift; sourceTree = "<group>"; };
		362E11CADFB1926B3045C1A7 /* WishlistFormView.swift */ = {isa = PBXFileReference; lastKnownFileType = sourcecode.swift; path = WishlistFormView.swift; sourceTree = "<group>"; };
		3A33E462E62F4A6AF5062E89 /* ios */ = {isa = PBXFileReference; lastKnownFileType = folder; name = ios; path = .; sourceTree = SOURCE_ROOT; };
		3A6F019A31DD18F47AB68185 /* WarrantyVaultApp.swift */ = {isa = PBXFileReference; lastKnownFileType = sourcecode.swift; path = WarrantyVaultApp.swift; sourceTree = "<group>"; };
		3DCFDE23C8047019681F414D /* Info.plist */ = {isa = PBXFileReference; lastKnownFileType = text.plist; path = Info.plist; sourceTree = "<group>"; };
		42BD8EFB5A2B6E354DD6BEAC /* EmailChangeSheet.swift */ = {isa = PBXFileReference; lastKnownFileType = sourcecode.swift; path = EmailChangeSheet.swift; sourceTree = "<group>"; };
		43B2BAC75F19604607D58D25 /* SubscriptionsStore.swift */ = {isa = PBXFileReference; lastKnownFileType = sourcecode.swift; path = SubscriptionsStore.swift; sourceTree = "<group>"; };
		46158D8EA71511893CBEE9B9 /* WishlistStore.swift */ = {isa = PBXFileReference; lastKnownFileType = sourcecode.swift; path = WishlistStore.swift; sourceTree = "<group>"; };
		4D51951900CD3FF4D601AAF1 /* WarrantyVault.app */ = {isa = PBXFileReference; includeInIndex = 0; lastKnownFileType = wrapper.application; path = WarrantyVault.app; sourceTree = BUILT_PRODUCTS_DIR; };
		52FE90877E6408CF4A68DD9A /* SearchScreen.swift */ = {isa = PBXFileReference; lastKnownFileType = sourcecode.swift; path = SearchScreen.swift; sourceTree = "<group>"; };
		54038389878514FCDEE56CAF /* SubscriptionAuditScreen.swift */ = {isa = PBXFileReference; lastKnownFileType = sourcecode.swift; path = SubscriptionAuditScreen.swift; sourceTree = "<group>"; };
		55D3E8B53D9556F096B152F8 /* SessionsView.swift */ = {isa = PBXFileReference; lastKnownFileType = sourcecode.swift; path = SessionsView.swift; sourceTree = "<group>"; };
		55F4E2D7F35FB1C280CC8F69 /* AppDelegate.swift */ = {isa = PBXFileReference; lastKnownFileType = sourcecode.swift; path = AppDelegate.swift; sourceTree = "<group>"; };
		5B4A7C50590B1E487E8EAB6A /* SubscriptionsScreen.swift */ = {isa = PBXFileReference; lastKnownFileType = sourcecode.swift; path = SubscriptionsScreen.swift; sourceTree = "<group>"; };
		604B0C028FABD3988F3DDB00 /* LocalizationStore.swift */ = {isa = PBXFileReference; lastKnownFileType = sourcecode.swift; path = LocalizationStore.swift; sourceTree = "<group>"; };
		6A7FBAD0D43AB1C8B49947CF /* RemindersView.swift */ = {isa = PBXFileReference; lastKnownFileType = sourcecode.swift; path = RemindersView.swift; sourceTree = "<group>"; };
		6B686B336D76CD40CEC983A5 /* Theme.swift */ = {isa = PBXFileReference; lastKnownFileType = sourcecode.swift; path = Theme.swift; sourceTree = "<group>"; };
		7D5DE588B298BE90EA3C601F /* Formatters.swift */ = {isa = PBXFileReference; lastKnownFileType = sourcecode.swift; path = Formatters.swift; sourceTree = "<group>"; };
		8640D0C88034361042587B40 /* DevicesScreen.swift */ = {isa = PBXFileReference; lastKnownFileType = sourcecode.swift; path = DevicesScreen.swift; sourceTree = "<group>"; };
		88E631B9D6944853E1DB7069 /* CatalogStore.swift */ = {isa = PBXFileReference; lastKnownFileType = sourcecode.swift; path = CatalogStore.swift; sourceTree = "<group>"; };
		901EF104266E4673ADA27B48 /* ThemeStore.swift */ = {isa = PBXFileReference; lastKnownFileType = sourcecode.swift; path = ThemeStore.swift; sourceTree = "<group>"; };
		915E29A582DCD6E591EA5A1C /* SubscriptionAuditStore.swift */ = {isa = PBXFileReference; lastKnownFileType = sourcecode.swift; path = SubscriptionAuditStore.swift; sourceTree = "<group>"; };
		92BFB67BAFC3C7D10FBB62F6 /* StatsStore.swift */ = {isa = PBXFileReference; lastKnownFileType = sourcecode.swift; path = StatsStore.swift; sourceTree = "<group>"; };
		94B998712AA011363D2304F8 /* SettingsView.swift */ = {isa = PBXFileReference; lastKnownFileType = sourcecode.swift; path = SettingsView.swift; sourceTree = "<group>"; };
		989444F7590454C4B6CC5B77 /* RegisterView.swift */ = {isa = PBXFileReference; lastKnownFileType = sourcecode.swift; path = RegisterView.swift; sourceTree = "<group>"; };
		9B64D656AFFBB2A82DFBFC12 /* DeviceDetailView.swift */ = {isa = PBXFileReference; lastKnownFileType = sourcecode.swift; path = DeviceDetailView.swift; sourceTree = "<group>"; };
		9C32AEF77946805DFC3E5112 /* Components.swift */ = {isa = PBXFileReference; lastKnownFileType = sourcecode.swift; path = Components.swift; sourceTree = "<group>"; };
		A12ED118C7C97FD93F0EB4B9 /* ShareCertificatesSection.swift */ = {isa = PBXFileReference; lastKnownFileType = sourcecode.swift; path = ShareCertificatesSection.swift; sourceTree = "<group>"; };
		A363E257968B6F55DCDE2265 /* RemindersStore.swift */ = {isa = PBXFileReference; lastKnownFileType = sourcecode.swift; path = RemindersStore.swift; sourceTree = "<group>"; };
		A3CED85D2A836A81602152C5 /* StatsView.swift */ = {isa = PBXFileReference; lastKnownFileType = sourcecode.swift; path = StatsView.swift; sourceTree = "<group>"; };
		A546B9E6AAE0B0E185B8ACF0 /* ActionQueueScreen.swift */ = {isa = PBXFileReference; lastKnownFileType = sourcecode.swift; path = ActionQueueScreen.swift; sourceTree = "<group>"; };
		A8CBBAE58C07F9D910238935 /* WishlistDetailView.swift */ = {isa = PBXFileReference; lastKnownFileType = sourcecode.swift; path = WishlistDetailView.swift; sourceTree = "<group>"; };
		A961F8ED6F5C20F50684387D /* RootView.swift */ = {isa = PBXFileReference; lastKnownFileType = sourcecode.swift; path = RootView.swift; sourceTree = "<group>"; };
		B5361951BD7F5AE217A9D2B6 /* SubscriptionFormView.swift */ = {isa = PBXFileReference; lastKnownFileType = sourcecode.swift; path = SubscriptionFormView.swift; sourceTree = "<group>"; };
		BB155315A27FC9DFA6D37250 /* DashboardView.swift */ = {isa = PBXFileReference; lastKnownFileType = sourcecode.swift; path = DashboardView.swift; sourceTree = "<group>"; };
		C7EBD252EC3EFA3AA3CDB1D0 /* ActionQueueStore.swift */ = {isa = PBXFileReference; lastKnownFileType = sourcecode.swift; path = ActionQueueStore.swift; sourceTree = "<group>"; };
		CB571955A5315B649D8BB8A3 /* AutocompleteChips.swift */ = {isa = PBXFileReference; lastKnownFileType = sourcecode.swift; path = AutocompleteChips.swift; sourceTree = "<group>"; };
		CC3F17674EABA0114000A947 /* ChangePasswordSheet.swift */ = {isa = PBXFileReference; lastKnownFileType = sourcecode.swift; path = ChangePasswordSheet.swift; sourceTree = "<group>"; };
		CF6B007469F655782FC84C25 /* WarrantiesStore.swift */ = {isa = PBXFileReference; lastKnownFileType = sourcecode.swift; path = WarrantiesStore.swift; sourceTree = "<group>"; };
		D160074B79CE5DD628859CC6 /* WarrantyFormView.swift */ = {isa = PBXFileReference; lastKnownFileType = sourcecode.swift; path = WarrantyFormView.swift; sourceTree = "<group>"; };
		D55D208CC42F0645778E6B4E /* AccountView.swift */ = {isa = PBXFileReference; lastKnownFileType = sourcecode.swift; path = AccountView.swift; sourceTree = "<group>"; };
		D816886AE8C2C26686E3BABE /* ServiceDirectorySection.swift */ = {isa = PBXFileReference; lastKnownFileType = sourcecode.swift; path = ServiceDirectorySection.swift; sourceTree = "<group>"; };
		DAC8DC9F67E8D9962CDD5063 /* WishlistScreen.swift */ = {isa = PBXFileReference; lastKnownFileType = sourcecode.swift; path = WishlistScreen.swift; sourceTree = "<group>"; };
		E261920E537271E2DED771A9 /* PushDevicesView.swift */ = {isa = PBXFileReference; lastKnownFileType = sourcecode.swift; path = PushDevicesView.swift; sourceTree = "<group>"; };
		E38F9FE999EDDF61F5C32EA4 /* Charts.swift */ = {isa = PBXFileReference; lastKnownFileType = sourcecode.swift; path = Charts.swift; sourceTree = "<group>"; };
		EF9756A7ABBC72933AD1F083 /* MoreScreen.swift */ = {isa = PBXFileReference; lastKnownFileType = sourcecode.swift; path = MoreScreen.swift; sourceTree = "<group>"; };
		F328F74EB569D9AC38242843 /* PushRegistrar.swift */ = {isa = PBXFileReference; lastKnownFileType = sourcecode.swift; path = PushRegistrar.swift; sourceTree = "<group>"; };
/* End PBXFileReference section */

/* Begin PBXFrameworksBuildPhase section */
		F88470A50C9868A7E4CDA390 /* Frameworks */ = {
			isa = PBXFrameworksBuildPhase;
			buildActionMask = 2147483647;
			files = (
				AA093A255BC73ADA2F4FFD2A /* WarrantyVaultKit in Frameworks */,
			);
			runOnlyForDeploymentPostprocessing = 0;
		};
/* End PBXFrameworksBuildPhase section */

/* Begin PBXGroup section */
		0AA3453817CF8600B82A6695 /* Push */ = {
			isa = PBXGroup;
			children = (
				55F4E2D7F35FB1C280CC8F69 /* AppDelegate.swift */,
				F328F74EB569D9AC38242843 /* PushRegistrar.swift */,
			);
			path = Push;
			sourceTree = "<group>";
		};
		0C12B74D3ED9CEE682B4BAE9 /* Actions */ = {
			isa = PBXGroup;
			children = (
				A546B9E6AAE0B0E185B8ACF0 /* ActionQueueScreen.swift */,
			);
			path = Actions;
			sourceTree = "<group>";
		};
		2951473CEAD42A8D2D450B48 /* State */ = {
			isa = PBXGroup;
			children = (
				C7EBD252EC3EFA3AA3CDB1D0 /* ActionQueueStore.swift */,
				32CAF04638E1D1F55D0B9506 /* AuthStore.swift */,
				88E631B9D6944853E1DB7069 /* CatalogStore.swift */,
				2B619D8E807A35AACF6317AA /* DevicesStore.swift */,
				604B0C028FABD3988F3DDB00 /* LocalizationStore.swift */,
				A363E257968B6F55DCDE2265 /* RemindersStore.swift */,
				92BFB67BAFC3C7D10FBB62F6 /* StatsStore.swift */,
				915E29A582DCD6E591EA5A1C /* SubscriptionAuditStore.swift */,
				43B2BAC75F19604607D58D25 /* SubscriptionsStore.swift */,
				901EF104266E4673ADA27B48 /* ThemeStore.swift */,
				CF6B007469F655782FC84C25 /* WarrantiesStore.swift */,
				46158D8EA71511893CBEE9B9 /* WishlistStore.swift */,
			);
			path = State;
			sourceTree = "<group>";
		};
		387994F7CF128A33EF7C353C /* Subscriptions */ = {
			isa = PBXGroup;
			children = (
				54038389878514FCDEE56CAF /* SubscriptionAuditScreen.swift */,
				2D171296492CB187D31E7ACC /* SubscriptionDetailView.swift */,
				B5361951BD7F5AE217A9D2B6 /* SubscriptionFormView.swift */,
				5B4A7C50590B1E487E8EAB6A /* SubscriptionsScreen.swift */,
			);
			path = Subscriptions;
			sourceTree = "<group>";
		};
		3AD6D8B99E8D47EB6774263F /* DesignSystem */ = {
			isa = PBXGroup;
			children = (
				CB571955A5315B649D8BB8A3 /* AutocompleteChips.swift */,
				E38F9FE999EDDF61F5C32EA4 /* Charts.swift */,
				9C32AEF77946805DFC3E5112 /* Components.swift */,
				7D5DE588B298BE90EA3C601F /* Formatters.swift */,
				6B686B336D76CD40CEC983A5 /* Theme.swift */,
			);
			path = DesignSystem;
			sourceTree = "<group>";
		};
		53F94AAF6774AF62E85451AD /* Packages */ = {
			isa = PBXGroup;
			children = (
				3A33E462E62F4A6AF5062E89 /* ios */,
			);
			name = Packages;
			sourceTree = "<group>";
		};
		615DAFBDB4E298F20489117A /* Reminders */ = {
			isa = PBXGroup;
			children = (
				6A7FBAD0D43AB1C8B49947CF /* RemindersView.swift */,
			);
			path = Reminders;
			sourceTree = "<group>";
		};
		64265D0279739F3C9554A03D /* More */ = {
			isa = PBXGroup;
			children = (
				EF9756A7ABBC72933AD1F083 /* MoreScreen.swift */,
			);
			path = More;
			sourceTree = "<group>";
		};
		7087F5ADA61A0B2E34218D2D /* Products */ = {
			isa = PBXGroup;
			children = (
				4D51951900CD3FF4D601AAF1 /* WarrantyVault.app */,
			);
			name = Products;
			sourceTree = "<group>";
		};
		775D865185E63B1FB41AA170 /* App */ = {
			isa = PBXGroup;
			children = (
				3DCFDE23C8047019681F414D /* Info.plist */,
				A961F8ED6F5C20F50684387D /* RootView.swift */,
				3A6F019A31DD18F47AB68185 /* WarrantyVaultApp.swift */,
				9EC5758828E64198B65BE9FE /* Core */,
				3AD6D8B99E8D47EB6774263F /* DesignSystem */,
				C0BE91A4D9383CA5A1D947D1 /* Features */,
				2951473CEAD42A8D2D450B48 /* State */,
			);
			path = App;
			sourceTree = "<group>";
		};
		9A3E145FF947719B6CB46DBC /* Devices */ = {
			isa = PBXGroup;
			children = (
				03A3A6328546A239C9A68CB6 /* AttachmentsSection.swift */,
				9B64D656AFFBB2A82DFBFC12 /* DeviceDetailView.swift */,
				270716D6FFEF8ED810610938 /* DeviceFormView.swift */,
				8640D0C88034361042587B40 /* DevicesScreen.swift */,
				D816886AE8C2C26686E3BABE /* ServiceDirectorySection.swift */,
				A12ED118C7C97FD93F0EB4B9 /* ShareCertificatesSection.swift */,
			);
			path = Devices;
			sourceTree = "<group>";
		};
		9EC5758828E64198B65BE9FE /* Core */ = {
			isa = PBXGroup;
			children = (
				0AA3453817CF8600B82A6695 /* Push */,
			);
			path = Core;
			sourceTree = "<group>";
		};
		A039A252816FF34BFCDE3FCC /* Dashboard */ = {
			isa = PBXGroup;
			children = (
				BB155315A27FC9DFA6D37250 /* DashboardView.swift */,
			);
			path = Dashboard;
			sourceTree = "<group>";
		};
		AA2E939A09101BA60F99FCE5 /* Stats */ = {
			isa = PBXGroup;
			children = (
				A3CED85D2A836A81602152C5 /* StatsView.swift */,
			);
			path = Stats;
			sourceTree = "<group>";
		};
		ADE7E39BEC076B4A57C2BAB0 = {
			isa = PBXGroup;
			children = (
				775D865185E63B1FB41AA170 /* App */,
				53F94AAF6774AF62E85451AD /* Packages */,
				7087F5ADA61A0B2E34218D2D /* Products */,
			);
			sourceTree = "<group>";
		};
		B9BBCB77E3CC0E25AEFA274F /* Settings */ = {
			isa = PBXGroup;
			children = (
				D55D208CC42F0645778E6B4E /* AccountView.swift */,
				CC3F17674EABA0114000A947 /* ChangePasswordSheet.swift */,
				42BD8EFB5A2B6E354DD6BEAC /* EmailChangeSheet.swift */,
				E261920E537271E2DED771A9 /* PushDevicesView.swift */,
				55D3E8B53D9556F096B152F8 /* SessionsView.swift */,
				94B998712AA011363D2304F8 /* SettingsView.swift */,
			);
			path = Settings;
			sourceTree = "<group>";
		};
		C0951581D7EC84F5BA2B05E3 /* Search */ = {
			isa = PBXGroup;
			children = (
				52FE90877E6408CF4A68DD9A /* SearchScreen.swift */,
			);
			path = Search;
			sourceTree = "<group>";
		};
		C0BE91A4D9383CA5A1D947D1 /* Features */ = {
			isa = PBXGroup;
			children = (
				0C12B74D3ED9CEE682B4BAE9 /* Actions */,
				DB381C1943DB44018C1AA236 /* Auth */,
				A039A252816FF34BFCDE3FCC /* Dashboard */,
				9A3E145FF947719B6CB46DBC /* Devices */,
				64265D0279739F3C9554A03D /* More */,
				615DAFBDB4E298F20489117A /* Reminders */,
				C0951581D7EC84F5BA2B05E3 /* Search */,
				B9BBCB77E3CC0E25AEFA274F /* Settings */,
				AA2E939A09101BA60F99FCE5 /* Stats */,
				387994F7CF128A33EF7C353C /* Subscriptions */,
				E01424FEE9B947AB54D118DF /* Warranties */,
				C29F673912826DCDFC8B68DB /* Wishlist */,
			);
			path = Features;
			sourceTree = "<group>";
		};
		C29F673912826DCDFC8B68DB /* Wishlist */ = {
			isa = PBXGroup;
			children = (
				A8CBBAE58C07F9D910238935 /* WishlistDetailView.swift */,
				362E11CADFB1926B3045C1A7 /* WishlistFormView.swift */,
				DAC8DC9F67E8D9962CDD5063 /* WishlistScreen.swift */,
			);
			path = Wishlist;
			sourceTree = "<group>";
		};
		DB381C1943DB44018C1AA236 /* Auth */ = {
			isa = PBXGroup;
			children = (
				145DA658595117A13A5B642D /* ForgotPasswordView.swift */,
				35C497F19BB57A314BE8AC27 /* LoginView.swift */,
				989444F7590454C4B6CC5B77 /* RegisterView.swift */,
			);
			path = Auth;
			sourceTree = "<group>";
		};
		E01424FEE9B947AB54D118DF /* Warranties */ = {
			isa = PBXGroup;
			children = (
				D160074B79CE5DD628859CC6 /* WarrantyFormView.swift */,
			);
			path = Warranties;
			sourceTree = "<group>";
		};
/* End PBXGroup section */

/* Begin PBXNativeTarget section */
		0F903AEB073AD8E825891A3C /* WarrantyVault */ = {
			isa = PBXNativeTarget;
			buildConfigurationList = FAAEA2DAE5B05E3E955195C7 /* Build configuration list for PBXNativeTarget "WarrantyVault" */;
			buildPhases = (
				395166445EA9B5472ADF6E5F /* Sources */,
				F88470A50C9868A7E4CDA390 /* Frameworks */,
			);
			buildRules = (
			);
			dependencies = (
			);
			name = WarrantyVault;
			packageProductDependencies = (
				DE1CC65855A938B92594071D /* WarrantyVaultKit */,
			);
			productName = WarrantyVault;
			productReference = 4D51951900CD3FF4D601AAF1 /* WarrantyVault.app */;
			productType = "com.apple.product-type.application";
		};
/* End PBXNativeTarget section */

/* Begin PBXProject section */
		8A5F8901413222C83C38F3EB /* Project object */ = {
			isa = PBXProject;
			attributes = {
				BuildIndependentTargetsInParallel = YES;
				LastUpgradeCheck = 1430;
				TargetAttributes = {
					0F903AEB073AD8E825891A3C = {
						ProvisioningStyle = Automatic;
					};
				};
			};
			buildConfigurationList = 7013846FA0CB26E21237DB52 /* Build configuration list for PBXProject "WarrantyVault" */;
			developmentRegion = vi;
			hasScannedForEncodings = 0;
			knownRegions = (
				Base,
				vi,
			);
			mainGroup = ADE7E39BEC076B4A57C2BAB0;
			minimizedProjectReferenceProxies = 1;
			packageReferences = (
				98A3B61DA8B2AC2709BC73FE /* XCLocalSwiftPackageReference "." */,
			);
			preferredProjectObjectVersion = 77;
			productRefGroup = 7087F5ADA61A0B2E34218D2D /* Products */;
			projectDirPath = "";
			projectRoot = "";
			targets = (
				0F903AEB073AD8E825891A3C /* WarrantyVault */,
			);
		};
/* End PBXProject section */

/* Begin PBXSourcesBuildPhase section */
		395166445EA9B5472ADF6E5F /* Sources */ = {
			isa = PBXSourcesBuildPhase;
			buildActionMask = 2147483647;
			files = (
				873C40C6FD9B40F45CB14070 /* AccountView.swift in Sources */,
				BC2FC2FA8B76AABB62BA8140 /* ActionQueueScreen.swift in Sources */,
				28A5225B219D1EA71A9FF89C /* ActionQueueStore.swift in Sources */,
				45E5018476A992A7111F6E50 /* AppDelegate.swift in Sources */,
				EB2C5F109A275BB6193C1E97 /* AttachmentsSection.swift in Sources */,
				16C3E0CEDAF1AE2FA7FA65B1 /* AuthStore.swift in Sources */,
				C39A04AA0FEEE5CEBA3119BD /* AutocompleteChips.swift in Sources */,
				543917639DB6D1362B66F6CF /* CatalogStore.swift in Sources */,
				081AFBE901C196AC6449F4B7 /* ChangePasswordSheet.swift in Sources */,
				ABA88E4BB81F55E61E96C35A /* Charts.swift in Sources */,
				C41ABACD2FC2533A0760FAF5 /* Components.swift in Sources */,
				22C8A5DDF5F0A85A256F6051 /* DashboardView.swift in Sources */,
				544E4DDC74EC4ADCA6E6EAD5 /* DeviceDetailView.swift in Sources */,
				9F0749E4C4E2618699A4192B /* DeviceFormView.swift in Sources */,
				302CE729E4D8359E3ABFA515 /* DevicesScreen.swift in Sources */,
				965700B52BEF6DC898A447D2 /* DevicesStore.swift in Sources */,
				0E4A1691A287D1098848C313 /* EmailChangeSheet.swift in Sources */,
				031104C7488298B47DB85160 /* ForgotPasswordView.swift in Sources */,
				688C4894B526315EE139ED52 /* Formatters.swift in Sources */,
				62D3CA5016B8D9E72CFF069E /* LocalizationStore.swift in Sources */,
				79D4798C3B96746BD94FDEFB /* LoginView.swift in Sources */,
				A06511C6CADE2FB1A8BFF2BA /* MoreScreen.swift in Sources */,
				055A0E96098278F34B7E6F88 /* PushDevicesView.swift in Sources */,
				5A48FF84CEF5E8FCCAE4700F /* PushRegistrar.swift in Sources */,
				7B35C3BDC24958C92652CCCA /* RegisterView.swift in Sources */,
				62DFB4202083D3689225D744 /* RemindersStore.swift in Sources */,
				166E111F7BEB9CF1161CA73D /* RemindersView.swift in Sources */,
				F9B680AC74B2C3AD8B41C698 /* RootView.swift in Sources */,
				AB6F13D08037E08EBF816EE9 /* SearchScreen.swift in Sources */,
				422A879C63FF75D55FDD5EDE /* ServiceDirectorySection.swift in Sources */,
				14F2684BE5B4E980108198D1 /* SessionsView.swift in Sources */,
				286634EA8CF7330257DD629B /* SettingsView.swift in Sources */,
				5EA2953F7C2817646E51A2F7 /* ShareCertificatesSection.swift in Sources */,
				871386809869675D58D16E4A /* StatsStore.swift in Sources */,
				2134378BD4951A03366DD28C /* StatsView.swift in Sources */,
				6E070B20602A56DE1359DB3C /* SubscriptionAuditScreen.swift in Sources */,
				D174DE4ABF055D539D783A0F /* SubscriptionAuditStore.swift in Sources */,
				7B7485325DE0DD71C66BB8EA /* SubscriptionDetailView.swift in Sources */,
				463FEB822AED6492E6EB00C0 /* SubscriptionFormView.swift in Sources */,
				27F0C943E3AE17FEC707D590 /* SubscriptionsScreen.swift in Sources */,
				9828500C425D79F793BF8E2A /* SubscriptionsStore.swift in Sources */,
				BED64B22F2BFDAC45AAF207C /* Theme.swift in Sources */,
				CFCCCACF4474A91AFF358EBB /* ThemeStore.swift in Sources */,
				075528076B8A6FE939C0F423 /* WarrantiesStore.swift in Sources */,
				32B75C186453FB73428D255C /* WarrantyFormView.swift in Sources */,
				9C0D4D54181D3B319D4C91BA /* WarrantyVaultApp.swift in Sources */,
				B6272CF0F1E8E64F8D6C1A85 /* WishlistDetailView.swift in Sources */,
				4E2DCD02F45AE52F2AA2A64B /* WishlistFormView.swift in Sources */,
				A219819B4CFB4D73847D92AF /* WishlistScreen.swift in Sources */,
				BC79F663EFF244BE0CB88D73 /* WishlistStore.swift in Sources */,
			);
			runOnlyForDeploymentPostprocessing = 0;
		};
/* End PBXSourcesBuildPhase section */

/* Begin XCBuildConfiguration section */
		40724E1DC39BF8A35A1049E0 /* Release */ = {
			isa = XCBuildConfiguration;
			buildSettings = {
				ASSETCATALOG_COMPILER_APPICON_NAME = AppIcon;
				CODE_SIGNING_ALLOWED = NO;
				CODE_SIGNING_REQUIRED = NO;
				CODE_SIGN_ENTITLEMENTS = App/WarrantyVault.entitlements;
				CODE_SIGN_IDENTITY = "";
				CODE_SIGN_STYLE = Automatic;
				GENERATE_INFOPLIST_FILE = NO;
				INFOPLIST_FILE = App/Info.plist;
				LD_RUNPATH_SEARCH_PATHS = (
					"$(inherited)",
					"@executable_path/Frameworks",
				);
				PRODUCT_BUNDLE_IDENTIFIER = app.warrantyvault;
				SDKROOT = iphoneos;
				TARGETED_DEVICE_FAMILY = "1,2";
			};
			name = Release;
		};
		5060957496FD91784CB53305 /* Debug */ = {
			isa = XCBuildConfiguration;
			buildSettings = {
				ASSETCATALOG_COMPILER_APPICON_NAME = AppIcon;
				CODE_SIGNING_ALLOWED = NO;
				CODE_SIGNING_REQUIRED = NO;
				CODE_SIGN_ENTITLEMENTS = App/WarrantyVault.entitlements;
				CODE_SIGN_IDENTITY = "";
				CODE_SIGN_STYLE = Automatic;
				GENERATE_INFOPLIST_FILE = NO;
				INFOPLIST_FILE = App/Info.plist;
				LD_RUNPATH_SEARCH_PATHS = (
					"$(inherited)",
					"@executable_path/Frameworks",
				);
				PRODUCT_BUNDLE_IDENTIFIER = app.warrantyvault;
				SDKROOT = iphoneos;
				TARGETED_DEVICE_FAMILY = "1,2";
			};
			name = Debug;
		};
		A11E8C239C23DF62110C10C5 /* Debug */ = {
			isa = XCBuildConfiguration;
			buildSettings = {
				ALWAYS_SEARCH_USER_PATHS = NO;
				CLANG_ANALYZER_NONNULL = YES;
				CLANG_ANALYZER_NUMBER_OBJECT_CONVERSION = YES_AGGRESSIVE;
				CLANG_CXX_LANGUAGE_STANDARD = "gnu++14";
				CLANG_CXX_LIBRARY = "libc++";
				CLANG_ENABLE_MODULES = YES;
				CLANG_ENABLE_OBJC_ARC = YES;
				CLANG_ENABLE_OBJC_WEAK = YES;
				CLANG_WARN_BLOCK_CAPTURE_AUTORELEASING = YES;
				CLANG_WARN_BOOL_CONVERSION = YES;
				CLANG_WARN_COMMA = YES;
				CLANG_WARN_CONSTANT_CONVERSION = YES;
				CLANG_WARN_DEPRECATED_OBJC_IMPLEMENTATIONS = YES;
				CLANG_WARN_DIRECT_OBJC_ISA_USAGE = YES_ERROR;
				CLANG_WARN_DOCUMENTATION_COMMENTS = YES;
				CLANG_WARN_EMPTY_BODY = YES;
				CLANG_WARN_ENUM_CONVERSION = YES;
				CLANG_WARN_INFINITE_RECURSION = YES;
				CLANG_WARN_INT_CONVERSION = YES;
				CLANG_WARN_NON_LITERAL_NULL_CONVERSION = YES;
				CLANG_WARN_OBJC_IMPLICIT_RETAIN_SELF = YES;
				CLANG_WARN_OBJC_LITERAL_CONVERSION = YES;
				CLANG_WARN_OBJC_ROOT_CLASS = YES_ERROR;
				CLANG_WARN_QUOTED_INCLUDE_IN_FRAMEWORK_HEADER = YES;
				CLANG_WARN_RANGE_LOOP_ANALYSIS = YES;
				CLANG_WARN_STRICT_PROTOTYPES = YES;
				CLANG_WARN_SUSPICIOUS_MOVE = YES;
				CLANG_WARN_UNGUARDED_AVAILABILITY = YES_AGGRESSIVE;
				CLANG_WARN_UNREACHABLE_CODE = YES;
				CLANG_WARN__DUPLICATE_METHOD_MATCH = YES;
				COPY_PHASE_STRIP = NO;
				CURRENT_PROJECT_VERSION = 1;
				DEBUG_INFORMATION_FORMAT = dwarf;
				ENABLE_STRICT_OBJC_MSGSEND = YES;
				ENABLE_TESTABILITY = YES;
				ENABLE_USER_SCRIPT_SANDBOXING = NO;
				GCC_C_LANGUAGE_STANDARD = gnu11;
				GCC_DYNAMIC_NO_PIC = NO;
				GCC_NO_COMMON_BLOCKS = YES;
				GCC_OPTIMIZATION_LEVEL = 0;
				GCC_PREPROCESSOR_DEFINITIONS = (
					"$(inherited)",
					"DEBUG=1",
				);
				GCC_WARN_64_TO_32_BIT_CONVERSION = YES;
				GCC_WARN_ABOUT_RETURN_TYPE = YES_ERROR;
				GCC_WARN_UNDECLARED_SELECTOR = YES;
				GCC_WARN_UNINITIALIZED_AUTOS = YES_AGGRESSIVE;
				GCC_WARN_UNUSED_FUNCTION = YES;
				GCC_WARN_UNUSED_VARIABLE = YES;
				IPHONEOS_DEPLOYMENT_TARGET = 17.0;
				MARKETING_VERSION = 0.1.0;
				MTL_ENABLE_DEBUG_INFO = INCLUDE_SOURCE;
				MTL_FAST_MATH = YES;
				ONLY_ACTIVE_ARCH = YES;
				PRODUCT_NAME = "$(TARGET_NAME)";
				SDKROOT = iphoneos;
				SWIFT_ACTIVE_COMPILATION_CONDITIONS = DEBUG;
				SWIFT_OPTIMIZATION_LEVEL = "-Onone";
				SWIFT_VERSION = 5.10;
			};
			name = Debug;
		};
		D87E5C55DF5EBACAA5BCAB2F /* Release */ = {
			isa = XCBuildConfiguration;
			buildSettings = {
				ALWAYS_SEARCH_USER_PATHS = NO;
				CLANG_ANALYZER_NONNULL = YES;
				CLANG_ANALYZER_NUMBER_OBJECT_CONVERSION = YES_AGGRESSIVE;
				CLANG_CXX_LANGUAGE_STANDARD = "gnu++14";
				CLANG_CXX_LIBRARY = "libc++";
				CLANG_ENABLE_MODULES = YES;
				CLANG_ENABLE_OBJC_ARC = YES;
				CLANG_ENABLE_OBJC_WEAK = YES;
				CLANG_WARN_BLOCK_CAPTURE_AUTORELEASING = YES;
				CLANG_WARN_BOOL_CONVERSION = YES;
				CLANG_WARN_COMMA = YES;
				CLANG_WARN_CONSTANT_CONVERSION = YES;
				CLANG_WARN_DEPRECATED_OBJC_IMPLEMENTATIONS = YES;
				CLANG_WARN_DIRECT_OBJC_ISA_USAGE = YES_ERROR;
				CLANG_WARN_DOCUMENTATION_COMMENTS = YES;
				CLANG_WARN_EMPTY_BODY = YES;
				CLANG_WARN_ENUM_CONVERSION = YES;
				CLANG_WARN_INFINITE_RECURSION = YES;
				CLANG_WARN_INT_CONVERSION = YES;
				CLANG_WARN_NON_LITERAL_NULL_CONVERSION = YES;
				CLANG_WARN_OBJC_IMPLICIT_RETAIN_SELF = YES;
				CLANG_WARN_OBJC_LITERAL_CONVERSION = YES;
				CLANG_WARN_OBJC_ROOT_CLASS = YES_ERROR;
				CLANG_WARN_QUOTED_INCLUDE_IN_FRAMEWORK_HEADER = YES;
				CLANG_WARN_RANGE_LOOP_ANALYSIS = YES;
				CLANG_WARN_STRICT_PROTOTYPES = YES;
				CLANG_WARN_SUSPICIOUS_MOVE = YES;
				CLANG_WARN_UNGUARDED_AVAILABILITY = YES_AGGRESSIVE;
				CLANG_WARN_UNREACHABLE_CODE = YES;
				CLANG_WARN__DUPLICATE_METHOD_MATCH = YES;
				COPY_PHASE_STRIP = NO;
				CURRENT_PROJECT_VERSION = 1;
				DEBUG_INFORMATION_FORMAT = "dwarf-with-dsym";
				ENABLE_NS_ASSERTIONS = NO;
				ENABLE_STRICT_OBJC_MSGSEND = YES;
				ENABLE_USER_SCRIPT_SANDBOXING = NO;
				GCC_C_LANGUAGE_STANDARD = gnu11;
				GCC_NO_COMMON_BLOCKS = YES;
				GCC_WARN_64_TO_32_BIT_CONVERSION = YES;
				GCC_WARN_ABOUT_RETURN_TYPE = YES_ERROR;
				GCC_WARN_UNDECLARED_SELECTOR = YES;
				GCC_WARN_UNINITIALIZED_AUTOS = YES_AGGRESSIVE;
				GCC_WARN_UNUSED_FUNCTION = YES;
				GCC_WARN_UNUSED_VARIABLE = YES;
				IPHONEOS_DEPLOYMENT_TARGET = 17.0;
				MARKETING_VERSION = 0.1.0;
				MTL_ENABLE_DEBUG_INFO = NO;
				MTL_FAST_MATH = YES;
				PRODUCT_NAME = "$(TARGET_NAME)";
				SDKROOT = iphoneos;
				SWIFT_COMPILATION_MODE = wholemodule;
				SWIFT_OPTIMIZATION_LEVEL = "-O";
				SWIFT_VERSION = 5.10;
			};
			name = Release;
		};
/* End XCBuildConfiguration section */

/* Begin XCConfigurationList section */
		7013846FA0CB26E21237DB52 /* Build configuration list for PBXProject "WarrantyVault" */ = {
			isa = XCConfigurationList;
			buildConfigurations = (
				A11E8C239C23DF62110C10C5 /* Debug */,
				D87E5C55DF5EBACAA5BCAB2F /* Release */,
			);
			defaultConfigurationIsVisible = 0;
			defaultConfigurationName = Debug;
		};
		FAAEA2DAE5B05E3E955195C7 /* Build configuration list for PBXNativeTarget "WarrantyVault" */ = {
			isa = XCConfigurationList;
			buildConfigurations = (
				5060957496FD91784CB53305 /* Debug */,
				40724E1DC39BF8A35A1049E0 /* Release */,
			);
			defaultConfigurationIsVisible = 0;
			defaultConfigurationName = Debug;
		};
/* End XCConfigurationList section */

/* Begin XCLocalSwiftPackageReference section */
		98A3B61DA8B2AC2709BC73FE /* XCLocalSwiftPackageReference "." */ = {
			isa = XCLocalSwiftPackageReference;
			relativePath = .;
		};
/* End XCLocalSwiftPackageReference section */

/* Begin XCSwiftPackageProductDependency section */
		DE1CC65855A938B92594071D /* WarrantyVaultKit */ = {
			isa = XCSwiftPackageProductDependency;
			productName = WarrantyVaultKit;
		};
/* End XCSwiftPackageProductDependency section */
	};
	rootObject = 8A5F8901413222C83C38F3EB /* Project object */;
}
